version = 1
revision = 2
requires-python = ">=3.12"

[[package]]
name = "aws-lambda-typing"
version = "2.20.0"
source = { registry = "https://pypi.org/simple" }
sdist = { url = "https://files.pythonhosted.org/packages/ba/2a/14e7a3dba738265db6eddfd0c9ec1619c0c14e48fcf70627fc75fca83305/aws-lambda-typing-2.20.0.tar.gz", hash = "sha256:78b0d8ebab73b3a6b0da98a7969f4e9c4bb497298ec50f3217da8a8dfba17154", size = 19413, upload-time = "2024-04-02T09:43:03.326Z" }
wheels = [
    { url = "https://files.pythonhosted.org/packages/55/3d/4031f5950d65e89136d20a18b5ac985d5f087c29c902f285b6e8063619e4/aws_lambda_typing-2.20.0-py3-none-any.whl", hash = "sha256:1d44264cabfeab5ac38e67ddd0c874e677b2cbbae77a42d0519df470e6bbb49b", size = 35296, upload-time = "2024-04-02T09:43:05.881Z" },
]

[[package]]
name = "boto3"
version = "1.38.13"
source = { registry = "https://pypi.org/simple" }
dependencies = [
    { name = "botocore" },
    { name = "jmespath" },
    { name = "s3transfer" },
]
sdist = { url = "https://files.pythonhosted.org/packages/c7/89/a47f62b3f81a2e3484d2a2b8dd4906c5b6e57da0af0bd59d36f99ba20baf/boto3-1.38.13.tar.gz", hash = "sha256:6633bce2b73284acce1453ca85834c7c5a59e0dbcce1170be461cc079bdcdfcf", size = 111812, upload-time = "2025-05-09T19:33:02.962Z" }
wheels = [
    { url = "https://files.pythonhosted.org/packages/72/25/79e219648f10d060d152542fcf3be0093120471774b99c1a7f41ceaeca9b/boto3-1.38.13-py3-none-any.whl", hash = "sha256:668400d13889d2d2fcd66ce785cc0b0fc040681f58a9c7f67daa9149a52b6c63", size = 139934, upload-time = "2025-05-09T19:33:00.855Z" },
]

[[package]]
name = "boto3-stubs"
version = "1.38.13"
source = { registry = "https://pypi.org/simple" }
dependencies = [
    { name = "botocore-stubs" },
    { name = "types-s3transfer" },
]
sdist = { url = "https://files.pythonhosted.org/packages/86/4d/34fd1a6387bf03abc387cf618186eaeccb5c12fbf09bc08b58e0892e71ce/boto3_stubs-1.38.13.tar.gz", hash = "sha256:8f73a745745d5ed3a206427ff46ae82c48c37f86d0d264395898bdf0e5563520", size = 99277, upload-time = "2025-05-09T19:47:11.116Z" }
wheels = [
    { url = "https://files.pythonhosted.org/packages/a7/d0/a054ededc8d37a9969eeb944d288014bb816d2aca3fe3cc50d0a109d4277/boto3_stubs-1.38.13-py3-none-any.whl", hash = "sha256:19361506afd23f47692264be90c668c952ef27b08cc7acaf6d9fddea81ce7455", size = 68777, upload-time = "2025-05-09T19:47:02.674Z" },
]

[package.optional-dependencies]
boto3 = [
    { name = "boto3" },
]
essential = [
    { name = "mypy-boto3-cloudformation" },
    { name = "mypy-boto3-dynamodb" },
    { name = "mypy-boto3-ec2" },
    { name = "mypy-boto3-lambda" },
    { name = "mypy-boto3-rds" },
    { name = "mypy-boto3-s3" },
    { name = "mypy-boto3-sqs" },
]

[[package]]
name = "botocore"
version = "1.38.13"
source = { registry = "https://pypi.org/simple" }
dependencies = [
    { name = "jmespath" },
    { name = "python-dateutil" },
    { name = "urllib3" },
]
sdist = { url = "https://files.pythonhosted.org/packages/de/36/5b0faba074684744244e1e030e73fd5612bc2c38f557eec0a7f1a3d7ddd2/botocore-1.38.13.tar.gz", hash = "sha256:22feee15753cd3f9f7179d041604078a1024701497d27b22be7c6707e8d13ccb", size = 13882010, upload-time = "2025-05-09T19:32:51.172Z" }
wheels = [
    { url = "https://files.pythonhosted.org/packages/94/df/a7a8097471d5a3bc7d408850222292d874ffc190aef7e1cacf9af770339e/botocore-1.38.13-py3-none-any.whl", hash = "sha256:de29fee43a1f02787fb5b3756ec09917d5661ed95b2b2d64797ab04196f69e14", size = 13544507, upload-time = "2025-05-09T19:32:37.727Z" },
]

[[package]]
name = "botocore-stubs"
version = "1.38.13"
source = { registry = "https://pypi.org/simple" }
dependencies = [
    { name = "types-awscrt" },
]
sdist = { url = "https://files.pythonhosted.org/packages/45/cb/ced2609ae6630d0a1dc78a4cf31c2658a368804f66ed3ff0f09afae63e45/botocore_stubs-1.38.13.tar.gz", hash = "sha256:c766cbaae91c137a1ce5160601f4cc23312ebd609e71ed7a3dbcf6a896b3b350", size = 42272, upload-time = "2025-05-09T20:17:52.982Z" }
wheels = [
    { url = "https://files.pythonhosted.org/packages/e9/a1/940f25e328f15b46714610afd242378f3cd2a060e331b887a8259954d484/botocore_stubs-1.38.13-py3-none-any.whl", hash = "sha256:a3b7d097e86c1c6f71049a5065187cd0daa57708650fac59b40fb37cf5f30769", size = 65603, upload-time = "2025-05-09T20:17:50.157Z" },
]

[[package]]
name = "cloud-computing-course"
version = "0.1.0"
source = { virtual = "." }
dependencies = [
    { name = "boto3" },
]

[package.dev-dependencies]
dev = [
    { name = "aws-lambda-typing" },
    { name = "boto3-stubs", extra = ["boto3", "essential"] },
]

[package.metadata]
requires-dist = [{ name = "boto3", specifier = ">=1.38.3" }]

[package.metadata.requires-dev]
dev = [
    { name = "aws-lambda-typing", specifier = ">=2.20.0" },
    { name = "boto3-stubs", extras = ["boto3", "essential"], specifier = ">=1.38.3" },
]

[[package]]
name = "jmespath"
version = "1.0.1"
source = { registry = "https://pypi.org/simple" }
sdist = { url = "https://files.pythonhosted.org/packages/00/2a/e867e8531cf3e36b41201936b7fa7ba7b5702dbef42922193f05c8976cd6/jmespath-1.0.1.tar.gz", hash = "sha256:90261b206d6defd58fdd5e85f478bf633a2901798906be2ad389150c5c60edbe", size = 25843, upload-time = "2022-06-17T18:00:12.224Z" }
wheels = [
    { url = "https://files.pythonhosted.org/packages/31/b4/b9b800c45527aadd64d5b442f9b932b00648617eb5d63d2c7a6587b7cafc/jmespath-1.0.1-py3-none-any.whl", hash = "sha256:02e2e4cc71b5bcab88332eebf907519190dd9e6e82107fa7f83b1003a6252980", size = 20256, upload-time = "2022-06-17T18:00:10.251Z" },
]

[[package]]
name = "mypy-boto3-cloudformation"
version = "1.38.0"
source = { registry = "https://pypi.org/simple" }
sdist = { url = "https://files.pythonhosted.org/packages/40/d5/35b9301c8b2fb870e58401d13fec36de2c83f2ddef48398b8c89c9a58995/mypy_boto3_cloudformation-1.38.0.tar.gz", hash = "sha256:563399166c07e91e0695fb1e58103a248b2bee0db5e2c3f07155776dd6311805", size = 57702, upload-time = "2025-04-22T21:19:31.221Z" }
wheels = [
    { url = "https://files.pythonhosted.org/packages/1e/2f/d20ad6e0113f982ea255fcb4ed94f70d0111757d7d03bfacebc2d9f60ba4/mypy_boto3_cloudformation-1.38.0-py3-none-any.whl", hash = "sha256:a1411aa5875b737492aaac5f7e8ce450f034c18f972eb608a9eba6fe35837f6a", size = 69607, upload-time = "2025-04-22T21:19:29.235Z" },
]

[[package]]
name = "mypy-boto3-dynamodb"
version = "1.38.4"
source = { registry = "https://pypi.org/simple" }
sdist = { url = "https://files.pythonhosted.org/packages/6b/7f/72b68d275a80a42675c36249b80dd79ec5c7d9bd1f5cc93cdb572f866722/mypy_boto3_dynamodb-1.38.4.tar.gz", hash = "sha256:5cf3787631e312b3d75f89a6cbbbd4ad786a76f5d565af023febf03fbf23c0b5", size = 47461, upload-time = "2025-04-28T19:26:22.728Z" }
wheels = [
    { url = "https://files.pythonhosted.org/packages/6a/35/3d0ceabb0a9f3765f509cb9dce6ddfa939114682b1acc442f52a755e9bc8/mypy_boto3_dynamodb-1.38.4-py3-none-any.whl", hash = "sha256:6b29d89c649eeb1e894118bee002cb8b1304c78da735b1503aa08e46b0abfdec", size = 56395, upload-time = "2025-04-28T19:26:16.947Z" },
]

[[package]]
name = "mypy-boto3-ec2"
version = "1.38.12"
source = { registry = "https://pypi.org/simple" }
sdist = { url = "https://files.pythonhosted.org/packages/06/b0/0f6105e3dbf45c061e096d80593b5cde6a3a010755941711e74a0a4b5b2e/mypy_boto3_ec2-1.38.12.tar.gz", hash = "sha256:3693a46050a053151b93a4895d8598379fc5306b3c688cc155efcd8642d4a11d", size = 395959, upload-time = "2025-05-08T19:47:22.153Z" }
wheels = [
    { url = "https://files.pythonhosted.org/packages/7b/f8/a50f138387d090c0883170c185a67b219f39cd11b73bc336909f15982ff9/mypy_boto3_ec2-1.38.12-py3-none-any.whl", hash = "sha256:144bbc0cd7350b4c7f96fa316084084076ddec93ab483b7f670068054915e5e4", size = 385492, upload-time = "2025-05-08T19:42:24.664Z" },
]

[[package]]
name = "mypy-boto3-lambda"
version = "1.38.0"
source = { registry = "https://pypi.org/simple" }
sdist = { url = "https://files.pythonhosted.org/packages/8f/e3/0436071b28942788bdd22d6f91847654a7b1d167fb9d86c5779108e49ee9/mypy_boto3_lambda-1.38.0.tar.gz", hash = "sha256:ece7b3848c045e1be81c4f2b7482002c17ce7cb70de850661146103a8cb1a3fb", size = 41767, upload-time = "2025-04-22T21:27:54.666Z" }
wheels = [
    { url = "https://files.pythonhosted.org/packages/17/09/602a39b39abd0d58d8b6bbee4c1552b64fadba2324676d7d45c3fa00fe7b/mypy_boto3_lambda-1.38.0-py3-none-any.whl", hash = "sha256:0dcb882826f61fd2751f6b98330b0e11085570654db85318aea018374ca88dc9", size = 48210, upload-time = "2025-04-22T21:27:52.034Z" },
]

[[package]]
name = "mypy-boto3-rds"
version = "1.38.2"
source = { registry = "https://pypi.org/simple" }
sdist = { url = "https://files.pythonhosted.org/packages/3b/f9/bbda28652276081c5298404b3634f3233b66734e1123e3c424f78896b26a/mypy_boto3_rds-1.38.2.tar.gz", hash = "sha256:bdf65180965f71a3eb7778706f87b1ce2c9f1340cf3ab136f1903a60074e49cc", size = 84348, upload-time = "2025-04-24T19:42:43.844Z" }
wheels = [
    { url = "https://files.pythonhosted.org/packages/35/36/a4bdcbfdf16a6eca869b22abc399449e6f08df72d074295cbdc47fee45af/mypy_boto3_rds-1.38.2-py3-none-any.whl", hash = "sha256:75d5124c3a49c7932d2218f82b7566c62160add2fd7aecd3f413ab47eb7d902a", size = 90520, upload-time = "2025-04-24T19:42:39.15Z" },
]

[[package]]
name = "mypy-boto3-s3"
version = "1.38.0"
source = { registry = "https://pypi.org/simple" }
sdist = { url = "https://files.pythonhosted.org/packages/1a/04/7b7f5709a092097a4a915b23f43b6dc9cc3b8e098c81d86a384eea071984/mypy_boto3_s3-1.38.0.tar.gz", hash = "sha256:f8fe586e45123ffcd305a0c30847128f3931d888649e2b4c5a52f412183c840a", size = 73699, upload-time = "2025-04-22T21:33:36.716Z" }
wheels = [
    { url = "https://files.pythonhosted.org/packages/2c/59/24de9ac5f1974164712ab89edb510d21116a69d36373dc6588aeb26ab81d/mypy_boto3_s3-1.38.0-py3-none-any.whl", hash = "sha256:5cd9449df0ef6cf89e00e6fc9130a0ab641f703a23ab1d2146c394da058e8282", size = 80301, upload-time = "2025-04-22T21:33:32.297Z" },
]

[[package]]
name = "mypy-boto3-sqs"
version = "1.38.0"
source = { registry = "https://pypi.org/simple" }
sdist = { url = "https://files.pythonhosted.org/packages/f0/a0/ef5c7bdb33af5d0a48029fed11401388fa68949c6c0f9b11b2e845f5fe0e/mypy_boto3_sqs-1.38.0.tar.gz", hash = "sha256:39aebc121a2fe20f962fd83b617fd916003605d6f6851fdf195337a0aa428fe1", size = 23541, upload-time = "2025-04-22T21:35:17.315Z" }
wheels = [
    { url = "https://files.pythonhosted.org/packages/a5/97/72fccc9aaa0e3c8f3f99b4edac580ede651808aefb47b0d2b52c18a3d16b/mypy_boto3_sqs-1.38.0-py3-none-any.whl", hash = "sha256:8e881c8492f6f51dcbe1cce9d9f05334f4b256b5843e227fa925e0f6e702b31d", size = 33669, upload-time = "2025-04-22T21:35:16.073Z" },
]

[[package]]
name = "python-dateutil"
version = "2.9.0.post0"
source = { registry = "https://pypi.org/simple" }
dependencies = [
    { name = "six" },
]
sdist = { url = "https://files.pythonhosted.org/packages/66/c0/0c8b6ad9f17a802ee498c46e004a0eb49bc148f2fd230864601a86dcf6db/python-dateutil-2.9.0.post0.tar.gz", hash = "sha256:37dd54208da7e1cd875388217d5e00ebd4179249f90fb72437e91a35459a0ad3", size = 342432, upload-time = "2024-03-01T18:36:20.211Z" }
wheels = [
    { url = "https://files.pythonhosted.org/packages/ec/57/56b9bcc3c9c6a792fcbaf139543cee77261f3651ca9da0c93f5c1221264b/python_dateutil-2.9.0.post0-py2.py3-none-any.whl", hash = "sha256:a8b2bc7bffae282281c8140a97d3aa9c14da0b136dfe83f850eea9a5f7470427", size = 229892, upload-time = "2024-03-01T18:36:18.57Z" },
]

[[package]]
name = "s3transfer"
version = "0.12.0"
source = { registry = "https://pypi.org/simple" }
dependencies = [
    { name = "botocore" },
]
sdist = { url = "https://files.pythonhosted.org/packages/fc/9e/73b14aed38ee1f62cd30ab93cd0072dec7fb01f3033d116875ae3e7b8b44/s3transfer-0.12.0.tar.gz", hash = "sha256:8ac58bc1989a3fdb7c7f3ee0918a66b160d038a147c7b5db1500930a607e9a1c", size = 149178, upload-time = "2025-04-22T21:08:09.787Z" }
wheels = [
    { url = "https://files.pythonhosted.org/packages/89/64/d2b49620039b82688aeebd510bd62ff4cdcdb86cbf650cc72ae42c5254a3/s3transfer-0.12.0-py3-none-any.whl", hash = "sha256:35b314d7d82865756edab59f7baebc6b477189e6ab4c53050e28c1de4d9cce18", size = 84773, upload-time = "2025-04-22T21:08:08.265Z" },
]

[[package]]
name = "six"
version = "1.17.0"
source = { registry = "https://pypi.org/simple" }
sdist = { url = "https://files.pythonhosted.org/packages/94/e7/b2c673351809dca68a0e064b6af791aa332cf192da575fd474ed7d6f16a2/six-1.17.0.tar.gz", hash = "sha256:ff70335d468e7eb6ec65b95b99d3a2836546063f63acc5171de367e834932a81", size = 34031, upload-time = "2024-12-04T17:35:28.174Z" }
wheels = [
    { url = "https://files.pythonhosted.org/packages/b7/ce/149a00dd41f10bc29e5921b496af8b574d8413afcd5e30dfa0ed46c2cc5e/six-1.17.0-py2.py3-none-any.whl", hash = "sha256:4721f391ed90541fddacab5acf947aa0d3dc7d27b2e1e8eda2be8970586c3274", size = 11050, upload-time = "2024-12-04T17:35:26.475Z" },
]

[[package]]
name = "types-awscrt"
version = "0.27.1"
source = { registry = "https://pypi.org/simple" }
sdist = { url = "https://files.pythonhosted.org/packages/f9/21/4d519305ec33f9bcd3c317e76aa860a1962fa40ded99c39ec49e1d5cdebe/types_awscrt-0.27.1.tar.gz", hash = "sha256:3c2bee52ee45022daaf4f106d5d1b5f0ff0a8e3e6093dda65f5315b7669bc418", size = 16085, upload-time = "2025-05-09T23:16:01.375Z" }
wheels = [
    { url = "https://files.pythonhosted.org/packages/d9/27/1eee2967759b1c28ba683d81c12e5efe52d5a4f9264498bea70955326afc/types_awscrt-0.27.1-py3-none-any.whl", hash = "sha256:e86b83d0fd8c770f985b8c458c28e232dae9adee0689d0a9671868a8bf397b0a", size = 37296, upload-time = "2025-05-09T23:15:59.905Z" },
]

[[package]]
name = "types-s3transfer"
version = "0.12.0"
source = { registry = "https://pypi.org/simple" }
sdist = { url = "https://files.pythonhosted.org/packages/fb/d5/830e9efe91a26601a2bebde6f299239d2d26e542f5d4b3bc7e8c23c81a3f/types_s3transfer-0.12.0.tar.gz", hash = "sha256:f8f59201481e904362873bf0be3267f259d60ad946ebdfcb847d092a1fa26f98", size = 14096, upload-time = "2025-04-23T00:38:19.131Z" }
wheels = [
    { url = "https://files.pythonhosted.org/packages/fc/43/6097275152463ac9bacf1e00aab30bc6682bf45f6a031be8bf029c030ba2/types_s3transfer-0.12.0-py3-none-any.whl", hash = "sha256:101bbc5b7f00b71512374df881f480fc6bf63c948b5098ab024bf3370fbfb0e8", size = 19553, upload-time = "2025-04-23T00:38:17.865Z" },
]

[[package]]
name = "urllib3"
version = "2.4.0"
source = { registry = "https://pypi.org/simple" }
sdist = { url = "https://files.pythonhosted.org/packages/8a/78/16493d9c386d8e60e442a35feac5e00f0913c0f4b7c217c11e8ec2ff53e0/urllib3-2.4.0.tar.gz", hash = "sha256:414bc6535b787febd7567804cc015fee39daab8ad86268f1310a9250697de466", size = 390672, upload-time = "2025-04-10T15:23:39.232Z" }
wheels = [
    { url = "https://files.pythonhosted.org/packages/6b/11/cc635220681e93a0183390e26485430ca2c7b5f9d33b15c74c2861cb8091/urllib3-2.4.0-py3-none-any.whl", hash = "sha256:4e16665048960a0900c702d4a66415956a584919c03361cac9f1df5c5dd7e813", size = 128680, upload-time = "2025-04-10T15:23:37.377Z" },
]
