version = 1
revision = 2
requires-python = ">=3.12"

[[package]]
name = "annotated-types"
version = "0.7.0"
source = { registry = "https://pypi.org/simple" }
sdist = { url = "https://files.pythonhosted.org/packages/ee/67/531ea369ba64dcff5ec9c3402f9f51bf748cec26dde048a2f973a4eea7f5/annotated_types-0.7.0.tar.gz", hash = "sha256:aff07c09a53a08bc8cfccb9c85b05f1aa9a2a6f23728d790723543408344ce89", size = 16081, upload_time = "2024-05-20T21:33:25.928Z" }
wheels = [
    { url = "https://files.pythonhosted.org/packages/78/b6/6307fbef88d9b5ee7421e68d78a9f162e0da4900bc5f5793f6d3d0e34fb8/annotated_types-0.7.0-py3-none-any.whl", hash = "sha256:1f02e8b43a8fbbc3f3e0d4f0f4bfc8131bcb4eebe8849b8e5c773f3a1c582a53", size = 13643, upload_time = "2024-05-20T21:33:24.1Z" },
]

[[package]]
name = "anyio"
version = "4.9.0"
source = { registry = "https://pypi.org/simple" }
dependencies = [
    { name = "idna" },
    { name = "sniffio" },
    { name = "typing-extensions", marker = "python_full_version < '3.13'" },
]
sdist = { url = "https://files.pythonhosted.org/packages/95/7d/4c1bd541d4dffa1b52bd83fb8527089e097a106fc90b467a7313b105f840/anyio-4.9.0.tar.gz", hash = "sha256:673c0c244e15788651a4ff38710fea9675823028a6f08a5eda409e0c9840a028", size = 190949, upload_time = "2025-03-17T00:02:54.77Z" }
wheels = [
    { url = "https://files.pythonhosted.org/packages/a1/ee/48ca1a7c89ffec8b6a0c5d02b89c305671d5ffd8d3c94acf8b8c408575bb/anyio-4.9.0-py3-none-any.whl", hash = "sha256:9f76d541cad6e36af7beb62e978876f3b41e3e04f2c1fbf0884604c0a9c4d93c", size = 100916, upload_time = "2025-03-17T00:02:52.713Z" },
]

[[package]]
name = "arrow"
version = "1.3.0"
source = { registry = "https://pypi.org/simple" }
dependencies = [
    { name = "python-dateutil" },
    { name = "types-python-dateutil" },
]
sdist = { url = "https://files.pythonhosted.org/packages/2e/00/0f6e8fcdb23ea632c866620cc872729ff43ed91d284c866b515c6342b173/arrow-1.3.0.tar.gz", hash = "sha256:d4540617648cb5f895730f1ad8c82a65f2dad0166f57b75f3ca54759c4d67a85", size = 131960, upload_time = "2023-09-30T22:11:18.25Z" }
wheels = [
    { url = "https://files.pythonhosted.org/packages/f8/ed/e97229a566617f2ae958a6b13e7cc0f585470eac730a73e9e82c32a3cdd2/arrow-1.3.0-py3-none-any.whl", hash = "sha256:c728b120ebc00eb84e01882a6f5e7927a53960aa990ce7dd2b10f39005a67f80", size = 66419, upload_time = "2023-09-30T22:11:16.072Z" },
]

[[package]]
name = "boto3"
version = "1.38.3"
source = { registry = "https://pypi.org/simple" }
dependencies = [
    { name = "botocore" },
    { name = "jmespath" },
    { name = "s3transfer" },
]
sdist = { url = "https://files.pythonhosted.org/packages/61/ce/d6fbf9cdda1b40023ef60507adc1de1d7ba0786dc73ddca59f4bed487e40/boto3-1.38.3.tar.gz", hash = "sha256:655d51abcd68a40a33c52dbaa2ca73fc63c746b894e2ae22ed8ddc1912ddd93f", size = 111816, upload-time = "2025-04-25T19:22:41.656Z" }
wheels = [
    { url = "https://files.pythonhosted.org/packages/c1/cb/9f6cdbb1e6194064d40ce7ef04a276822aacf036dc8d03d7d156c4701290/boto3-1.38.3-py3-none-any.whl", hash = "sha256:9218f86e2164e1bddb75d435bbde4fa651aa58687213d7e3e1b50f7eb8868f66", size = 139897, upload-time = "2025-04-25T19:22:38.747Z" },
]

[[package]]
name = "boto3-stubs"
version = "1.38.3"
source = { registry = "https://pypi.org/simple" }
dependencies = [
    { name = "botocore-stubs" },
    { name = "types-s3transfer" },
]
sdist = { url = "https://files.pythonhosted.org/packages/58/9a/d32c064c01f31604718a57ea2d3ae3cb0f20a727b246d8208642cb68187f/boto3_stubs-1.38.3.tar.gz", hash = "sha256:e406626de8daf537984678355ad0e32d838865c4ea3d223268964d4e6fb44534", size = 99186, upload-time = "2025-04-25T19:26:07.865Z" }
wheels = [
    { url = "https://files.pythonhosted.org/packages/44/b2/d0ec47a8daa887e8c12b1b31db69f04b1cc06b3c31a51917a045b5f5182a/boto3_stubs-1.38.3-py3-none-any.whl", hash = "sha256:93a2c38987dd0ee19a661e8fd9a77fb4b4a30e56f63115701c307bfc55e2695c", size = 68718, upload-time = "2025-04-25T19:26:02.023Z" },
]

[package.optional-dependencies]
boto3 = [
    { name = "boto3" },
]
essential = [
    { name = "mypy-boto3-cloudformation" },
    { name = "mypy-boto3-dynamodb" },
    { name = "mypy-boto3-ec2" },
    { name = "mypy-boto3-lambda" },
    { name = "mypy-boto3-rds" },
    { name = "mypy-boto3-s3" },
    { name = "mypy-boto3-sqs" },
]

[[package]]
name = "botocore"
version = "1.38.3"
source = { registry = "https://pypi.org/simple" }
dependencies = [
    { name = "jmespath" },
    { name = "python-dateutil" },
    { name = "urllib3" },
]
sdist = { url = "https://files.pythonhosted.org/packages/92/ee/b47c0286ada750271897f5cc3e40b4405f1218ff392cd15df993893f0099/botocore-1.38.3.tar.gz", hash = "sha256:790f8f966201781f5fcf486d48b4492e9f734446bbf9d19ef8159d08be854243", size = 13846441, upload-time = "2025-04-25T19:22:27.881Z" }
wheels = [
    { url = "https://files.pythonhosted.org/packages/b7/d1/2b9e417b0212339f14b853aa4391b0121c11308f968798c874e74f265080/botocore-1.38.3-py3-none-any.whl", hash = "sha256:96f823240fe3704b99c17d1d1b2fd2d1679cf56d2a55b095f00255b76087cbf0", size = 13506578, upload-time = "2025-04-25T19:22:22.472Z" },
]

[[package]]
name = "botocore-stubs"
version = "1.38.3"
source = { registry = "https://pypi.org/simple" }
dependencies = [
    { name = "types-awscrt" },
]
sdist = { url = "https://files.pythonhosted.org/packages/8d/c7/7fde1bc4aedfa3d8dbc9a11abb3fd79b4b9aaa67ad82d41402ff787cb9b9/botocore_stubs-1.38.3.tar.gz", hash = "sha256:80c7ae25366e2fd39c953906c011d03ac080e35682fd0cdb64fe81056e1bf9a9", size = 42286, upload-time = "2025-04-25T20:17:47.906Z" }
wheels = [
    { url = "https://files.pythonhosted.org/packages/42/66/56ef79dc9348d1b9378a18416bee6a7b22ac0661158e558de3970a0eea04/botocore_stubs-1.38.3-py3-none-any.whl", hash = "sha256:ef42f56b3600020d7da37a0b2e30ada28290c867aa140b4644376c24a978b85c", size = 65589, upload-time = "2025-04-25T20:17:45.209Z" },
]

[[package]]
name = "cloud-computing-course"
version = "0.1.0"
source = { virtual = "." }
dependencies = [
    { name = "boto3" },
]

[package.dev-dependencies]
dev = [
    { name = "aws-lambda-typing" },
    { name = "boto3-stubs", extra = ["boto3", "essential"] },
]

[package.metadata]
requires-dist = [{ name = "boto3", specifier = ">=1.38.3" }]

[package.metadata.requires-dev]
dev = [{ name = "boto3-stubs", extras = ["boto3", "essential"], specifier = ">=1.38.3" }]

[[package]]
name = "colorama"
version = "0.4.6"
source = { registry = "https://pypi.org/simple" }
sdist = { url = "https://files.pythonhosted.org/packages/d8/53/6f443c9a4a8358a93a6792e2acffb9d9d5cb0a5cfd8802644b7b1c9a02e4/colorama-0.4.6.tar.gz", hash = "sha256:08695f5cb7ed6e0531a20572697297273c47b8cae5a63ffc6d6ed5c201be6e44", size = 27697, upload_time = "2022-10-25T02:36:22.414Z" }
wheels = [
    { url = "https://files.pythonhosted.org/packages/d1/d6/3965ed04c63042e047cb6a3e6ed1a63a35087b6a609aa3a15ed8ac56c221/colorama-0.4.6-py2.py3-none-any.whl", hash = "sha256:4f1d9991f5acc0ca119f9d443620b77f9d6b33703e51011c16baf57afb285fc6", size = 25335, upload_time = "2022-10-25T02:36:20.889Z" },
]

[[package]]
name = "fastapi"
version = "0.115.12"
source = { registry = "https://pypi.org/simple" }
dependencies = [
    { name = "pydantic" },
    { name = "starlette" },
    { name = "typing-extensions" },
]
sdist = { url = "https://files.pythonhosted.org/packages/f4/55/ae499352d82338331ca1e28c7f4a63bfd09479b16395dce38cf50a39e2c2/fastapi-0.115.12.tar.gz", hash = "sha256:1e2c2a2646905f9e83d32f04a3f86aff4a286669c6c950ca95b5fd68c2602681", size = 295236, upload_time = "2025-03-23T22:55:43.822Z" }
wheels = [
    { url = "https://files.pythonhosted.org/packages/50/b3/b51f09c2ba432a576fe63758bddc81f78f0c6309d9e5c10d194313bf021e/fastapi-0.115.12-py3-none-any.whl", hash = "sha256:e94613d6c05e27be7ffebdd6ea5f388112e5e430c8f7d6494a9d1d88d43e814d", size = 95164, upload_time = "2025-03-23T22:55:42.101Z" },
]

[[package]]
name = "h11"
version = "0.14.0"
source = { registry = "https://pypi.org/simple" }
sdist = { url = "https://files.pythonhosted.org/packages/f5/38/3af3d3633a34a3316095b39c8e8fb4853a28a536e55d347bd8d8e9a14b03/h11-0.14.0.tar.gz", hash = "sha256:8f19fbbe99e72420ff35c00b27a34cb9937e902a8b810e2c88300c6f0a3b699d", size = 100418, upload_time = "2022-09-25T15:40:01.519Z" }
wheels = [
    { url = "https://files.pythonhosted.org/packages/95/04/ff642e65ad6b90db43e668d70ffb6736436c7ce41fcc549f4e9472234127/h11-0.14.0-py3-none-any.whl", hash = "sha256:e3fe4ac4b851c468cc8363d500db52c2ead036020723024a109d37346efaa761", size = 58259, upload_time = "2022-09-25T15:39:59.68Z" },
]

[[package]]
name = "idna"
version = "3.10"
source = { registry = "https://pypi.org/simple" }
sdist = { url = "https://files.pythonhosted.org/packages/f1/70/7703c29685631f5a7590aa73f1f1d3fa9a380e654b86af429e0934a32f7d/idna-3.10.tar.gz", hash = "sha256:12f65c9b470abda6dc35cf8e63cc574b1c52b11df2c86030af0ac09b01b13ea9", size = 190490, upload_time = "2024-09-15T18:07:39.745Z" }
wheels = [
    { url = "https://files.pythonhosted.org/packages/76/c6/c88e154df9c4e1a2a66ccf0005a88dfb2650c1dffb6f5ce603dfbd452ce3/idna-3.10-py3-none-any.whl", hash = "sha256:946d195a0d259cbba61165e88e65941f16e9b36ea6ddb97f00452bae8b1287d3", size = 70442, upload_time = "2024-09-15T18:07:37.964Z" },
]

[[package]]
name = "jmespath"
version = "1.0.1"
source = { registry = "https://pypi.org/simple" }
sdist = { url = "https://files.pythonhosted.org/packages/00/2a/e867e8531cf3e36b41201936b7fa7ba7b5702dbef42922193f05c8976cd6/jmespath-1.0.1.tar.gz", hash = "sha256:90261b206d6defd58fdd5e85f478bf633a2901798906be2ad389150c5c60edbe", size = 25843, upload-time = "2022-06-17T18:00:12.224Z" }
wheels = [
    { url = "https://files.pythonhosted.org/packages/31/b4/b9b800c45527aadd64d5b442f9b932b00648617eb5d63d2c7a6587b7cafc/jmespath-1.0.1-py3-none-any.whl", hash = "sha256:02e2e4cc71b5bcab88332eebf907519190dd9e6e82107fa7f83b1003a6252980", size = 20256, upload-time = "2022-06-17T18:00:10.251Z" },
]

[[package]]
name = "mypy-boto3-cloudformation"
version = "1.38.0"
source = { registry = "https://pypi.org/simple" }
sdist = { url = "https://files.pythonhosted.org/packages/40/d5/35b9301c8b2fb870e58401d13fec36de2c83f2ddef48398b8c89c9a58995/mypy_boto3_cloudformation-1.38.0.tar.gz", hash = "sha256:563399166c07e91e0695fb1e58103a248b2bee0db5e2c3f07155776dd6311805", size = 57702, upload-time = "2025-04-22T21:19:31.221Z" }
wheels = [
    { url = "https://files.pythonhosted.org/packages/1e/2f/d20ad6e0113f982ea255fcb4ed94f70d0111757d7d03bfacebc2d9f60ba4/mypy_boto3_cloudformation-1.38.0-py3-none-any.whl", hash = "sha256:a1411aa5875b737492aaac5f7e8ce450f034c18f972eb608a9eba6fe35837f6a", size = 69607, upload-time = "2025-04-22T21:19:29.235Z" },
]

[[package]]
name = "mypy-boto3-dynamodb"
version = "1.38.2"
source = { registry = "https://pypi.org/simple" }
sdist = { url = "https://files.pythonhosted.org/packages/3d/c5/88108d26bd6b6a3dd5562a68759880811ef91d2b1d0ab6ade01731379ed8/mypy_boto3_dynamodb-1.38.2.tar.gz", hash = "sha256:d7f567b7b3b66b4d443c5152195a61d287fec42fa60bc7ad86e3c554474180ae", size = 47432, upload-time = "2025-04-24T19:42:36.501Z" }
wheels = [
    { url = "https://files.pythonhosted.org/packages/24/11/d0930effee92e60c2a93c5201c051b3314545f1617704f47a1be38d6133e/mypy_boto3_dynamodb-1.38.2-py3-none-any.whl", hash = "sha256:c5167c27f7ce387354019e5a39eadd4b71fa0074f918447df1f77afa770c2e25", size = 56396, upload-time = "2025-04-24T19:42:29.744Z" },
]

[[package]]
name = "mypy-boto3-ec2"
version = "1.38.0"
source = { registry = "https://pypi.org/simple" }
sdist = { url = "https://files.pythonhosted.org/packages/89/e6/861453f2bf10e1a1394e061fec43a12f41c41d2eb7770c195138d5eda133/mypy_boto3_ec2-1.38.0.tar.gz", hash = "sha256:ef90dee7c8c532e999e5fd38844c7574b0bc99d93e5dd4169cefde3f875fcca9", size = 393852, upload-time = "2025-04-22T21:22:40.156Z" }
wheels = [
    { url = "https://files.pythonhosted.org/packages/43/2c/38c13b0b0f21605faedd4df5c04682f63bd7a913ac9f2023cbb3e384e757/mypy_boto3_ec2-1.38.0-py3-none-any.whl", hash = "sha256:3256942c4de7d95d4b6bd0c81741daead7004753009c48ed8de5545c3292b7ba", size = 383413, upload-time = "2025-04-22T21:22:37.533Z" },
]

[[package]]
name = "mypy-boto3-lambda"
version = "1.38.0"
source = { registry = "https://pypi.org/simple" }
sdist = { url = "https://files.pythonhosted.org/packages/8f/e3/0436071b28942788bdd22d6f91847654a7b1d167fb9d86c5779108e49ee9/mypy_boto3_lambda-1.38.0.tar.gz", hash = "sha256:ece7b3848c045e1be81c4f2b7482002c17ce7cb70de850661146103a8cb1a3fb", size = 41767, upload-time = "2025-04-22T21:27:54.666Z" }
wheels = [
    { url = "https://files.pythonhosted.org/packages/17/09/602a39b39abd0d58d8b6bbee4c1552b64fadba2324676d7d45c3fa00fe7b/mypy_boto3_lambda-1.38.0-py3-none-any.whl", hash = "sha256:0dcb882826f61fd2751f6b98330b0e11085570654db85318aea018374ca88dc9", size = 48210, upload-time = "2025-04-22T21:27:52.034Z" },
]

[[package]]
name = "mypy-boto3-rds"
version = "1.38.2"
source = { registry = "https://pypi.org/simple" }
sdist = { url = "https://files.pythonhosted.org/packages/3b/f9/bbda28652276081c5298404b3634f3233b66734e1123e3c424f78896b26a/mypy_boto3_rds-1.38.2.tar.gz", hash = "sha256:bdf65180965f71a3eb7778706f87b1ce2c9f1340cf3ab136f1903a60074e49cc", size = 84348, upload-time = "2025-04-24T19:42:43.844Z" }
wheels = [
    { url = "https://files.pythonhosted.org/packages/35/36/a4bdcbfdf16a6eca869b22abc399449e6f08df72d074295cbdc47fee45af/mypy_boto3_rds-1.38.2-py3-none-any.whl", hash = "sha256:75d5124c3a49c7932d2218f82b7566c62160add2fd7aecd3f413ab47eb7d902a", size = 90520, upload-time = "2025-04-24T19:42:39.15Z" },
]

[[package]]
name = "mypy-boto3-s3"
version = "1.38.0"
source = { registry = "https://pypi.org/simple" }
sdist = { url = "https://files.pythonhosted.org/packages/1a/04/7b7f5709a092097a4a915b23f43b6dc9cc3b8e098c81d86a384eea071984/mypy_boto3_s3-1.38.0.tar.gz", hash = "sha256:f8fe586e45123ffcd305a0c30847128f3931d888649e2b4c5a52f412183c840a", size = 73699, upload-time = "2025-04-22T21:33:36.716Z" }
wheels = [
    { url = "https://files.pythonhosted.org/packages/2c/59/24de9ac5f1974164712ab89edb510d21116a69d36373dc6588aeb26ab81d/mypy_boto3_s3-1.38.0-py3-none-any.whl", hash = "sha256:5cd9449df0ef6cf89e00e6fc9130a0ab641f703a23ab1d2146c394da058e8282", size = 80301, upload-time = "2025-04-22T21:33:32.297Z" },
]

[[package]]
name = "mypy-boto3-sqs"
version = "1.38.0"
source = { registry = "https://pypi.org/simple" }
sdist = { url = "https://files.pythonhosted.org/packages/f0/a0/ef5c7bdb33af5d0a48029fed11401388fa68949c6c0f9b11b2e845f5fe0e/mypy_boto3_sqs-1.38.0.tar.gz", hash = "sha256:39aebc121a2fe20f962fd83b617fd916003605d6f6851fdf195337a0aa428fe1", size = 23541, upload-time = "2025-04-22T21:35:17.315Z" }
wheels = [
    { url = "https://files.pythonhosted.org/packages/a5/97/72fccc9aaa0e3c8f3f99b4edac580ede651808aefb47b0d2b52c18a3d16b/mypy_boto3_sqs-1.38.0-py3-none-any.whl", hash = "sha256:8e881c8492f6f51dcbe1cce9d9f05334f4b256b5843e227fa925e0f6e702b31d", size = 33669, upload-time = "2025-04-22T21:35:16.073Z" },
]

[[package]]
name = "python-dateutil"
version = "2.9.0.post0"
source = { registry = "https://pypi.org/simple" }
dependencies = [
    { name = "six" },
]
sdist = { url = "https://files.pythonhosted.org/packages/66/c0/0c8b6ad9f17a802ee498c46e004a0eb49bc148f2fd230864601a86dcf6db/python-dateutil-2.9.0.post0.tar.gz", hash = "sha256:37dd54208da7e1cd875388217d5e00ebd4179249f90fb72437e91a35459a0ad3", size = 342432, upload-time = "2024-03-01T18:36:20.211Z" }
wheels = [
    { url = "https://files.pythonhosted.org/packages/ec/57/56b9bcc3c9c6a792fcbaf139543cee77261f3651ca9da0c93f5c1221264b/python_dateutil-2.9.0.post0-py2.py3-none-any.whl", hash = "sha256:a8b2bc7bffae282281c8140a97d3aa9c14da0b136dfe83f850eea9a5f7470427", size = 229892, upload-time = "2024-03-01T18:36:18.57Z" },
]

[[package]]
name = "s3transfer"
version = "0.12.0"
source = { registry = "https://pypi.org/simple" }
dependencies = [
    { name = "botocore" },
]
sdist = { url = "https://files.pythonhosted.org/packages/fc/9e/73b14aed38ee1f62cd30ab93cd0072dec7fb01f3033d116875ae3e7b8b44/s3transfer-0.12.0.tar.gz", hash = "sha256:8ac58bc1989a3fdb7c7f3ee0918a66b160d038a147c7b5db1500930a607e9a1c", size = 149178, upload-time = "2025-04-22T21:08:09.787Z" }
wheels = [
    { url = "https://files.pythonhosted.org/packages/89/64/d2b49620039b82688aeebd510bd62ff4cdcdb86cbf650cc72ae42c5254a3/s3transfer-0.12.0-py3-none-any.whl", hash = "sha256:35b314d7d82865756edab59f7baebc6b477189e6ab4c53050e28c1de4d9cce18", size = 84773, upload-time = "2025-04-22T21:08:08.265Z" },
]

[[package]]
name = "six"
version = "1.17.0"
source = { registry = "https://pypi.org/simple" }
sdist = { url = "https://files.pythonhosted.org/packages/94/e7/b2c673351809dca68a0e064b6af791aa332cf192da575fd474ed7d6f16a2/six-1.17.0.tar.gz", hash = "sha256:ff70335d468e7eb6ec65b95b99d3a2836546063f63acc5171de367e834932a81", size = 34031, upload-time = "2024-12-04T17:35:28.174Z" }
wheels = [
    { url = "https://files.pythonhosted.org/packages/b7/ce/149a00dd41f10bc29e5921b496af8b574d8413afcd5e30dfa0ed46c2cc5e/six-1.17.0-py2.py3-none-any.whl", hash = "sha256:4721f391ed90541fddacab5acf947aa0d3dc7d27b2e1e8eda2be8970586c3274", size = 11050, upload-time = "2024-12-04T17:35:26.475Z" },
]

[[package]]
name = "types-awscrt"
version = "0.26.1"
source = { registry = "https://pypi.org/simple" }
sdist = { url = "https://files.pythonhosted.org/packages/db/29/d0597055f1b700193463361b4b2284cf4548acbb10287d6253ce429728d5/types_awscrt-0.26.1.tar.gz", hash = "sha256:aca96f889b3745c0e74f42f08f277fed3bf6e9baa2cf9b06a36f78d77720e504", size = 15537, upload-time = "2025-04-10T01:42:59.711Z" }
wheels = [
    { url = "https://files.pythonhosted.org/packages/da/c0/4708ee11a50d4e80c4dfb88dc2d6d69b1c296cd7397f1fe6352f119fd310/types_awscrt-0.26.1-py3-none-any.whl", hash = "sha256:176d320a26990efc057d4bf71396e05be027c142252ac48cc0d87aaea0704280", size = 19575, upload-time = "2025-04-10T01:42:58.388Z" },
]

[[package]]
name = "types-s3transfer"
version = "0.12.0"
source = { registry = "https://pypi.org/simple" }
sdist = { url = "https://files.pythonhosted.org/packages/fb/d5/830e9efe91a26601a2bebde6f299239d2d26e542f5d4b3bc7e8c23c81a3f/types_s3transfer-0.12.0.tar.gz", hash = "sha256:f8f59201481e904362873bf0be3267f259d60ad946ebdfcb847d092a1fa26f98", size = 14096, upload-time = "2025-04-23T00:38:19.131Z" }
wheels = [
    { url = "https://files.pythonhosted.org/packages/fc/43/6097275152463ac9bacf1e00aab30bc6682bf45f6a031be8bf029c030ba2/types_s3transfer-0.12.0-py3-none-any.whl", hash = "sha256:101bbc5b7f00b71512374df881f480fc6bf63c948b5098ab024bf3370fbfb0e8", size = 19553, upload-time = "2025-04-23T00:38:17.865Z" },
]

[[package]]
name = "urllib3"
version = "2.4.0"
source = { registry = "https://pypi.org/simple" }
sdist = { url = "https://files.pythonhosted.org/packages/8a/78/16493d9c386d8e60e442a35feac5e00f0913c0f4b7c217c11e8ec2ff53e0/urllib3-2.4.0.tar.gz", hash = "sha256:414bc6535b787febd7567804cc015fee39daab8ad86268f1310a9250697de466", size = 390672, upload-time = "2025-04-10T15:23:39.232Z" }
wheels = [
    { url = "https://files.pythonhosted.org/packages/6b/11/cc635220681e93a0183390e26485430ca2c7b5f9d33b15c74c2861cb8091/urllib3-2.4.0-py3-none-any.whl", hash = "sha256:4e16665048960a0900c702d4a66415956a584919c03361cac9f1df5c5dd7e813", size = 128680, upload-time = "2025-04-10T15:23:37.377Z" },
]
